
Microsoft Visual Studio Solution File, Format Version 12.00
# Visual Studio Version 17
VisualStudioVersion = 17.8.34408.163
MinimumVisualStudioVersion = 10.0.40219.1
Project("{FAE04EC0-301F-11D3-BF4B-00C04F79EFBC}") = "API_Grupos", "API_Grupos\API_Grupos.csproj", "{F8F8C225-60FB-49C6-BAB3-219C8F986336}"
EndProject
Global
	GlobalSection(SolutionConfigurationPlatforms) = preSolution
		Debug|Any CPU = Debug|Any CPU
		Release|Any CPU = Release|Any CPU
	EndGlobalSection
	GlobalSection(ProjectConfigurationPlatforms) = postSolution
		{F8F8C225-60FB-49C6-BAB3-219C8F986336}.Debug|Any CPU.ActiveCfg = Debug|Any CPU
		{F8F8C225-60FB-49C6-BAB3-219C8F986336}.Debug|Any CPU.Build.0 = Debug|Any CPU
		{F8F8C225-60FB-49C6-BAB3-219C8F986336}.Release|Any CPU.ActiveCfg = Release|Any CPU
		{F8F8C225-60FB-49C6-BAB3-219C8F986336}.Release|Any CPU.Build.0 = Release|Any CPU
	EndGlobalSection
	GlobalSection(SolutionProperties) = preSolution
		HideSolutionNode = FALSE
	EndGlobalSection
	GlobalSection(ExtensibilityGlobals) = postSolution
		SolutionGuid = {307DCF93-A7DB-49F2-879A-091CA422B188}
	EndGlobalSection
EndGlobal
