
Microsoft Visual Studio Solution File, Format Version 12.00
# Visual Studio Version 16
VisualStudioVersion = 16.0.34902.97
MinimumVisualStudioVersion = 10.0.40219.1
Project("{FAE04EC0-301F-11D3-BF4B-00C04F79EFBC}") = "Frontend", "Frontend\Frontend.csproj", "{02F5C9C6-2BD1-4B92-A575-D9020F77AE9F}"
EndProject
Global
	GlobalSection(SolutionConfigurationPlatforms) = preSolution
		Debug|Any CPU = Debug|Any CPU
		Release|Any CPU = Release|Any CPU
	EndGlobalSection
	GlobalSection(ProjectConfigurationPlatforms) = postSolution
		{02F5C9C6-2BD1-4B92-A575-D9020F77AE9F}.Debug|Any CPU.ActiveCfg = Debug|Any CPU
		{02F5C9C6-2BD1-4B92-A575-D9020F77AE9F}.Debug|Any CPU.Build.0 = Debug|Any CPU
		{02F5C9C6-2BD1-4B92-A575-D9020F77AE9F}.Release|Any CPU.ActiveCfg = Release|Any CPU
		{02F5C9C6-2BD1-4B92-A575-D9020F77AE9F}.Release|Any CPU.Build.0 = Release|Any CPU
	EndGlobalSection
	GlobalSection(SolutionProperties) = preSolution
		HideSolutionNode = FALSE
	EndGlobalSection
	GlobalSection(ExtensibilityGlobals) = postSolution
		SolutionGuid = {A228050E-1963-42BB-9AA9-79CC28D7DE88}
	EndGlobalSection
EndGlobal
