
Microsoft Visual Studio Solution File, Format Version 12.00
# Visual Studio Version 17
VisualStudioVersion = 17.8.34408.163
MinimumVisualStudioVersion = 10.0.40219.1
Project("{FAE04EC0-301F-11D3-BF4B-00C04F79EFBC}") = "PruebasAPIGrupos", "PruebasAPIGrupos\PruebasAPIGrupos.csproj", "{E283166D-8BCD-4EE1-8DAE-677497858451}"
EndProject
Global
	GlobalSection(SolutionConfigurationPlatforms) = preSolution
		Debug|Any CPU = Debug|Any CPU
		Release|Any CPU = Release|Any CPU
	EndGlobalSection
	GlobalSection(ProjectConfigurationPlatforms) = postSolution
		{E283166D-8BCD-4EE1-8DAE-677497858451}.Debug|Any CPU.ActiveCfg = Debug|Any CPU
		{E283166D-8BCD-4EE1-8DAE-677497858451}.Debug|Any CPU.Build.0 = Debug|Any CPU
		{E283166D-8BCD-4EE1-8DAE-677497858451}.Release|Any CPU.ActiveCfg = Release|Any CPU
		{E283166D-8BCD-4EE1-8DAE-677497858451}.Release|Any CPU.Build.0 = Release|Any CPU
	EndGlobalSection
	GlobalSection(SolutionProperties) = preSolution
		HideSolutionNode = FALSE
	EndGlobalSection
	GlobalSection(ExtensibilityGlobals) = postSolution
		SolutionGuid = {FA3AC96A-D23D-4CD0-B658-B822BA43298A}
	EndGlobalSection
EndGlobal
